
Microsoft Visual Studio Solution File, Format Version 12.00
# Visual Studio Version 17
VisualStudioVersion = 17.5.33502.453
MinimumVisualStudioVersion = 10.0.40219.1
Project("{8BC9CEB8-8B4A-11D0-8D11-00A0C91BC942}") = "043_Pointeer", "043_Pointeer\043_Pointeer.vcxproj", "{B9E41B02-3D5E-4BE2-AC48-C45ED7DB9737}"
EndProject
Project("{8BC9CEB8-8B4A-11D0-8D11-00A0C91BC942}") = "043_pointer2", "043_pointer2\043_pointer2.vcxproj", "{D6024292-F286-4A70-98A2-F04A68C177C6}"
EndProject
Project("{8BC9CEB8-8B4A-11D0-8D11-00A0C91BC942}") = "043_Pointer3", "043_Pointer3\043_Pointer3.vcxproj", "{31821869-2DAB-4EAA-8E0A-7B1668207DDA}"
EndProject
Project("{8BC9CEB8-8B4A-11D0-8D11-00A0C91BC942}") = "043_friendclass", "043_friendclass\043_friendclass.vcxproj", "{F51A9E44-251A-4DB7-9F2E-8F41747DF40B}"
EndProject
Global
	GlobalSection(SolutionConfigurationPlatforms) = preSolution
		Debug|x64 = Debug|x64
		Debug|x86 = Debug|x86
		Release|x64 = Release|x64
		Release|x86 = Release|x86
	EndGlobalSection
	GlobalSection(ProjectConfigurationPlatforms) = postSolution
		{B9E41B02-3D5E-4BE2-AC48-C45ED7DB9737}.Debug|x64.ActiveCfg = Debug|x64
		{B9E41B02-3D5E-4BE2-AC48-C45ED7DB9737}.Debug|x64.Build.0 = Debug|x64
		{B9E41B02-3D5E-4BE2-AC48-C45ED7DB9737}.Debug|x86.ActiveCfg = Debug|Win32
		{B9E41B02-3D5E-4BE2-AC48-C45ED7DB9737}.Debug|x86.Build.0 = Debug|Win32
		{B9E41B02-3D5E-4BE2-AC48-C45ED7DB9737}.Release|x64.ActiveCfg = Release|x64
		{B9E41B02-3D5E-4BE2-AC48-C45ED7DB9737}.Release|x64.Build.0 = Release|x64
		{B9E41B02-3D5E-4BE2-AC48-C45ED7DB9737}.Release|x86.ActiveCfg = Release|Win32
		{B9E41B02-3D5E-4BE2-AC48-C45ED7DB9737}.Release|x86.Build.0 = Release|Win32
		{D6024292-F286-4A70-98A2-F04A68C177C6}.Debug|x64.ActiveCfg = Debug|x64
		{D6024292-F286-4A70-98A2-F04A68C177C6}.Debug|x64.Build.0 = Debug|x64
		{D6024292-F286-4A70-98A2-F04A68C177C6}.Debug|x86.ActiveCfg = Debug|Win32
		{D6024292-F286-4A70-98A2-F04A68C177C6}.Debug|x86.Build.0 = Debug|Win32
		{D6024292-F286-4A70-98A2-F04A68C177C6}.Release|x64.ActiveCfg = Release|x64
		{D6024292-F286-4A70-98A2-F04A68C177C6}.Release|x64.Build.0 = Release|x64
		{D6024292-F286-4A70-98A2-F04A68C177C6}.Release|x86.ActiveCfg = Release|Win32
		{D6024292-F286-4A70-98A2-F04A68C177C6}.Release|x86.Build.0 = Release|Win32
		{31821869-2DAB-4EAA-8E0A-7B1668207DDA}.Debug|x64.ActiveCfg = Debug|x64
		{31821869-2DAB-4EAA-8E0A-7B1668207DDA}.Debug|x64.Build.0 = Debug|x64
		{31821869-2DAB-4EAA-8E0A-7B1668207DDA}.Debug|x86.ActiveCfg = Debug|Win32
		{31821869-2DAB-4EAA-8E0A-7B1668207DDA}.Debug|x86.Build.0 = Debug|Win32
		{31821869-2DAB-4EAA-8E0A-7B1668207DDA}.Release|x64.ActiveCfg = Release|x64
		{31821869-2DAB-4EAA-8E0A-7B1668207DDA}.Release|x64.Build.0 = Release|x64
		{31821869-2DAB-4EAA-8E0A-7B1668207DDA}.Release|x86.ActiveCfg = Release|Win32
		{31821869-2DAB-4EAA-8E0A-7B1668207DDA}.Release|x86.Build.0 = Release|Win32
		{F51A9E44-251A-4DB7-9F2E-8F41747DF40B}.Debug|x64.ActiveCfg = Debug|x64
		{F51A9E44-251A-4DB7-9F2E-8F41747DF40B}.Debug|x64.Build.0 = Debug|x64
		{F51A9E44-251A-4DB7-9F2E-8F41747DF40B}.Debug|x86.ActiveCfg = Debug|Win32
		{F51A9E44-251A-4DB7-9F2E-8F41747DF40B}.Debug|x86.Build.0 = Debug|Win32
		{F51A9E44-251A-4DB7-9F2E-8F41747DF40B}.Release|x64.ActiveCfg = Release|x64
		{F51A9E44-251A-4DB7-9F2E-8F41747DF40B}.Release|x64.Build.0 = Release|x64
		{F51A9E44-251A-4DB7-9F2E-8F41747DF40B}.Release|x86.ActiveCfg = Release|Win32
		{F51A9E44-251A-4DB7-9F2E-8F41747DF40B}.Release|x86.Build.0 = Release|Win32
	EndGlobalSection
	GlobalSection(SolutionProperties) = preSolution
		HideSolutionNode = FALSE
	EndGlobalSection
	GlobalSection(ExtensibilityGlobals) = postSolution
		SolutionGuid = {29A08AAD-5D08-4652-B999-79A3576B0A8B}
	EndGlobalSection
EndGlobal
